
Microsoft Visual Studio Solution File, Format Version 12.00
# Visual Studio Version 17
VisualStudioVersion = 17.0.32014.148
MinimumVisualStudioVersion = 10.0.40219.1
Project("{2150E333-8FDC-42A3-9474-1A3956D46DE8}") = "Route", "Route", "{40F4030E-AD75-46A1-B305-40F81FF508EB}"
EndProject
Project("{FAE04EC0-301F-11D3-BF4B-00C04F79EFBC}") = "API_Route", "API_Route\API_Route.csproj", "{C806D314-9141-409B-89B7-A6593BBBF980}"
EndProject
Global
	GlobalSection(SolutionConfigurationPlatforms) = preSolution
		Debug|Any CPU = Debug|Any CPU
		Release|Any CPU = Release|Any CPU
	EndGlobalSection
	GlobalSection(ProjectConfigurationPlatforms) = postSolution
		{C806D314-9141-409B-89B7-A6593BBBF980}.Debug|Any CPU.ActiveCfg = Debug|Any CPU
		{C806D314-9141-409B-89B7-A6593BBBF980}.Debug|Any CPU.Build.0 = Debug|Any CPU
		{C806D314-9141-409B-89B7-A6593BBBF980}.Release|Any CPU.ActiveCfg = Release|Any CPU
		{C806D314-9141-409B-89B7-A6593BBBF980}.Release|Any CPU.Build.0 = Release|Any CPU
	EndGlobalSection
	GlobalSection(SolutionProperties) = preSolution
		HideSolutionNode = FALSE
	EndGlobalSection
	GlobalSection(NestedProjects) = preSolution
		{C806D314-9141-409B-89B7-A6593BBBF980} = {40F4030E-AD75-46A1-B305-40F81FF508EB}
	EndGlobalSection
	GlobalSection(ExtensibilityGlobals) = postSolution
		SolutionGuid = {2E041AB1-DF2A-4955-A156-D7D97E933818}
	EndGlobalSection
EndGlobal
