
Microsoft Visual Studio Solution File, Format Version 12.00
# Visual Studio Version 17
VisualStudioVersion = 17.0.32014.148
MinimumVisualStudioVersion = 10.0.40219.1
Project("{2150E333-8FDC-42A3-9474-1A3956D46DE8}") = "Route", "Route", "{40F4030E-AD75-46A1-B305-40F81FF508EB}"
EndProject
Project("{9A19103F-16F7-4668-BE54-9A1E7A4F7556}") = "API_Route", "API_Route\API_Route.csproj", "{C806D314-9141-409B-89B7-A6593BBBF980}"
EndProject
Project("{2150E333-8FDC-42A3-9474-1A3956D46DE8}") = "Fliter", "Fliter", "{E61465DD-8339-46C7-A8F2-6852EC8DB3C2}"
EndProject
Project("{9A19103F-16F7-4668-BE54-9A1E7A4F7556}") = "Filters", "Filters\Filters.csproj", "{E1A7345A-3E10-4DD0-9AF6-1C7194D03D7A}"
EndProject
Project("{2150E333-8FDC-42A3-9474-1A3956D46DE8}") = "ModelBinding", "ModelBinding", "{AA41E056-1E94-428A-97DD-8693A18FB51B}"
EndProject
Project("{9A19103F-16F7-4668-BE54-9A1E7A4F7556}") = "ModelBinding", "ModelBinding\ModelBinding.csproj", "{BE7C2222-3268-441C-930D-3E4C0B4ED9A1}"
EndProject
Project("{2150E333-8FDC-42A3-9474-1A3956D46DE8}") = "RazorPages", "RazorPages", "{0F04B8F5-FDDD-4115-A867-583FD434CD2D}"
EndProject
Project("{9A19103F-16F7-4668-BE54-9A1E7A4F7556}") = "RazorPages", "RazorPages\RazorPages.csproj", "{80BCBDE8-3F2F-48B3-B436-43893626E3BE}"
EndProject
Project("{2150E333-8FDC-42A3-9474-1A3956D46DE8}") = "Security", "Security", "{EC28AC9A-C143-4123-92EB-25C9311B59D8}"
EndProject
Project("{9A19103F-16F7-4668-BE54-9A1E7A4F7556}") = "Security", "Security\Security.csproj", "{EEC65F23-0CFF-4419-9217-6244FC7141C9}"
EndProject
Project("{2150E333-8FDC-42A3-9474-1A3956D46DE8}") = "TagHelper", "TagHelper", "{522C34A4-3B17-4266-8FD7-347D5E07E0F8}"
EndProject
Project("{9A19103F-16F7-4668-BE54-9A1E7A4F7556}") = "TagHelper", "TagHelper\TagHelper.csproj", "{285623A4-EC51-4CBD-9C8D-469DE1EE8B68}"
EndProject
Project("{2150E333-8FDC-42A3-9474-1A3956D46DE8}") = "NLog", "NLog", "{4790DF5B-656D-4607-B0C7-70CA533B8B11}"
EndProject
Project("{9A19103F-16F7-4668-BE54-9A1E7A4F7556}") = "NLog", "NLog\NLog.csproj", "{7CA8D8B4-A62B-4472-ABC2-548C341700B3}"
EndProject
Project("{2150E333-8FDC-42A3-9474-1A3956D46DE8}") = "SignalR", "SignalR", "{739C70FE-2E1B-49A7-A97F-250CC0ABE0A9}"
EndProject
Project("{9A19103F-16F7-4668-BE54-9A1E7A4F7556}") = "SignalR", "SignalR\SignalR.csproj", "{21537D59-1599-40F2-AF2C-694E93BFA5A7}"
EndProject
Project("{2150E333-8FDC-42A3-9474-1A3956D46DE8}") = "Redis", "Redis", "{023FD10B-511F-4BA2-99AB-D3DD9699096C}"
EndProject
Project("{FAE04EC0-301F-11D3-BF4B-00C04F79EFBC}") = "Redis", "Redis\Redis.csproj", "{09791136-9CD7-4CE3-9008-8D0FF45510F3}"
EndProject
Global
	GlobalSection(SolutionConfigurationPlatforms) = preSolution
		Debug|Any CPU = Debug|Any CPU
		Release|Any CPU = Release|Any CPU
	EndGlobalSection
	GlobalSection(ProjectConfigurationPlatforms) = postSolution
		{C806D314-9141-409B-89B7-A6593BBBF980}.Debug|Any CPU.ActiveCfg = Debug|Any CPU
		{C806D314-9141-409B-89B7-A6593BBBF980}.Debug|Any CPU.Build.0 = Debug|Any CPU
		{C806D314-9141-409B-89B7-A6593BBBF980}.Release|Any CPU.ActiveCfg = Release|Any CPU
		{C806D314-9141-409B-89B7-A6593BBBF980}.Release|Any CPU.Build.0 = Release|Any CPU
		{E1A7345A-3E10-4DD0-9AF6-1C7194D03D7A}.Debug|Any CPU.ActiveCfg = Debug|Any CPU
		{E1A7345A-3E10-4DD0-9AF6-1C7194D03D7A}.Debug|Any CPU.Build.0 = Debug|Any CPU
		{E1A7345A-3E10-4DD0-9AF6-1C7194D03D7A}.Release|Any CPU.ActiveCfg = Release|Any CPU
		{E1A7345A-3E10-4DD0-9AF6-1C7194D03D7A}.Release|Any CPU.Build.0 = Release|Any CPU
		{BE7C2222-3268-441C-930D-3E4C0B4ED9A1}.Debug|Any CPU.ActiveCfg = Debug|Any CPU
		{BE7C2222-3268-441C-930D-3E4C0B4ED9A1}.Debug|Any CPU.Build.0 = Debug|Any CPU
		{BE7C2222-3268-441C-930D-3E4C0B4ED9A1}.Release|Any CPU.ActiveCfg = Release|Any CPU
		{BE7C2222-3268-441C-930D-3E4C0B4ED9A1}.Release|Any CPU.Build.0 = Release|Any CPU
		{80BCBDE8-3F2F-48B3-B436-43893626E3BE}.Debug|Any CPU.ActiveCfg = Debug|Any CPU
		{80BCBDE8-3F2F-48B3-B436-43893626E3BE}.Debug|Any CPU.Build.0 = Debug|Any CPU
		{80BCBDE8-3F2F-48B3-B436-43893626E3BE}.Release|Any CPU.ActiveCfg = Release|Any CPU
		{80BCBDE8-3F2F-48B3-B436-43893626E3BE}.Release|Any CPU.Build.0 = Release|Any CPU
		{EEC65F23-0CFF-4419-9217-6244FC7141C9}.Debug|Any CPU.ActiveCfg = Debug|Any CPU
		{EEC65F23-0CFF-4419-9217-6244FC7141C9}.Debug|Any CPU.Build.0 = Debug|Any CPU
		{EEC65F23-0CFF-4419-9217-6244FC7141C9}.Release|Any CPU.ActiveCfg = Release|Any CPU
		{EEC65F23-0CFF-4419-9217-6244FC7141C9}.Release|Any CPU.Build.0 = Release|Any CPU
		{285623A4-EC51-4CBD-9C8D-469DE1EE8B68}.Debug|Any CPU.ActiveCfg = Debug|Any CPU
		{285623A4-EC51-4CBD-9C8D-469DE1EE8B68}.Debug|Any CPU.Build.0 = Debug|Any CPU
		{285623A4-EC51-4CBD-9C8D-469DE1EE8B68}.Release|Any CPU.ActiveCfg = Release|Any CPU
		{285623A4-EC51-4CBD-9C8D-469DE1EE8B68}.Release|Any CPU.Build.0 = Release|Any CPU
		{7CA8D8B4-A62B-4472-ABC2-548C341700B3}.Debug|Any CPU.ActiveCfg = Debug|Any CPU
		{7CA8D8B4-A62B-4472-ABC2-548C341700B3}.Debug|Any CPU.Build.0 = Debug|Any CPU
		{7CA8D8B4-A62B-4472-ABC2-548C341700B3}.Release|Any CPU.ActiveCfg = Release|Any CPU
		{7CA8D8B4-A62B-4472-ABC2-548C341700B3}.Release|Any CPU.Build.0 = Release|Any CPU
		{21537D59-1599-40F2-AF2C-694E93BFA5A7}.Debug|Any CPU.ActiveCfg = Debug|Any CPU
		{21537D59-1599-40F2-AF2C-694E93BFA5A7}.Debug|Any CPU.Build.0 = Debug|Any CPU
		{21537D59-1599-40F2-AF2C-694E93BFA5A7}.Release|Any CPU.ActiveCfg = Release|Any CPU
		{21537D59-1599-40F2-AF2C-694E93BFA5A7}.Release|Any CPU.Build.0 = Release|Any CPU
		{09791136-9CD7-4CE3-9008-8D0FF45510F3}.Debug|Any CPU.ActiveCfg = Debug|Any CPU
		{09791136-9CD7-4CE3-9008-8D0FF45510F3}.Debug|Any CPU.Build.0 = Debug|Any CPU
		{09791136-9CD7-4CE3-9008-8D0FF45510F3}.Release|Any CPU.ActiveCfg = Release|Any CPU
		{09791136-9CD7-4CE3-9008-8D0FF45510F3}.Release|Any CPU.Build.0 = Release|Any CPU
	EndGlobalSection
	GlobalSection(SolutionProperties) = preSolution
		HideSolutionNode = FALSE
	EndGlobalSection
	GlobalSection(NestedProjects) = preSolution
		{C806D314-9141-409B-89B7-A6593BBBF980} = {40F4030E-AD75-46A1-B305-40F81FF508EB}
		{E1A7345A-3E10-4DD0-9AF6-1C7194D03D7A} = {E61465DD-8339-46C7-A8F2-6852EC8DB3C2}
		{BE7C2222-3268-441C-930D-3E4C0B4ED9A1} = {AA41E056-1E94-428A-97DD-8693A18FB51B}
		{80BCBDE8-3F2F-48B3-B436-43893626E3BE} = {0F04B8F5-FDDD-4115-A867-583FD434CD2D}
		{EEC65F23-0CFF-4419-9217-6244FC7141C9} = {EC28AC9A-C143-4123-92EB-25C9311B59D8}
		{285623A4-EC51-4CBD-9C8D-469DE1EE8B68} = {522C34A4-3B17-4266-8FD7-347D5E07E0F8}
		{7CA8D8B4-A62B-4472-ABC2-548C341700B3} = {4790DF5B-656D-4607-B0C7-70CA533B8B11}
		{21537D59-1599-40F2-AF2C-694E93BFA5A7} = {739C70FE-2E1B-49A7-A97F-250CC0ABE0A9}
		{09791136-9CD7-4CE3-9008-8D0FF45510F3} = {023FD10B-511F-4BA2-99AB-D3DD9699096C}
	EndGlobalSection
	GlobalSection(ExtensibilityGlobals) = postSolution
		SolutionGuid = {2E041AB1-DF2A-4955-A156-D7D97E933818}
	EndGlobalSection
EndGlobal
